
Microsoft Visual Studio Solution File, Format Version 12.00
# Visual Studio Version 17
VisualStudioVersion = 17.4.33213.308
MinimumVisualStudioVersion = 10.0.40219.1
Project("{FAE04EC0-301F-11D3-BF4B-00C04F79EFBC}") = "Invoice", "Invoice\Invoice.csproj", "{ABD3D736-A025-40C7-9C3B-BA1F98AC26E5}"
EndProject
Global
	GlobalSection(SolutionConfigurationPlatforms) = preSolution
		Debug|Any CPU = Debug|Any CPU
		Release|Any CPU = Release|Any CPU
	EndGlobalSection
	GlobalSection(ProjectConfigurationPlatforms) = postSolution
		{ABD3D736-A025-40C7-9C3B-BA1F98AC26E5}.Debug|Any CPU.ActiveCfg = Debug|Any CPU
		{ABD3D736-A025-40C7-9C3B-BA1F98AC26E5}.Debug|Any CPU.Build.0 = Debug|Any CPU
		{ABD3D736-A025-40C7-9C3B-BA1F98AC26E5}.Release|Any CPU.ActiveCfg = Release|Any CPU
		{ABD3D736-A025-40C7-9C3B-BA1F98AC26E5}.Release|Any CPU.Build.0 = Release|Any CPU
	EndGlobalSection
	GlobalSection(SolutionProperties) = preSolution
		HideSolutionNode = FALSE
	EndGlobalSection
	GlobalSection(ExtensibilityGlobals) = postSolution
		SolutionGuid = {275079C9-DAE0-4789-A02F-E9F90B24FD67}
	EndGlobalSection
EndGlobal
