
Microsoft Visual Studio Solution File, Format Version 12.00
# Visual Studio Version 17
VisualStudioVersion = 17.4.33213.308
MinimumVisualStudioVersion = 10.0.40219.1
Project("{9A19103F-16F7-4668-BE54-9A1E7A4F7556}") = "BlazorServerInvoice", "BlazorServerInvoice\BlazorServerInvoice.csproj", "{4B62F79D-E83E-41F6-8A1A-AF286CD3AAAF}"
EndProject
Project("{9A19103F-16F7-4668-BE54-9A1E7A4F7556}") = "Invoice.Models", "Invoice.Models\Invoice.Models.csproj", "{9253B9DF-4692-405C-B5DA-DE82B046295E}"
EndProject
Global
	GlobalSection(SolutionConfigurationPlatforms) = preSolution
		Debug|Any CPU = Debug|Any CPU
		Release|Any CPU = Release|Any CPU
	EndGlobalSection
	GlobalSection(ProjectConfigurationPlatforms) = postSolution
		{4B62F79D-E83E-41F6-8A1A-AF286CD3AAAF}.Debug|Any CPU.ActiveCfg = Debug|Any CPU
		{4B62F79D-E83E-41F6-8A1A-AF286CD3AAAF}.Debug|Any CPU.Build.0 = Debug|Any CPU
		{4B62F79D-E83E-41F6-8A1A-AF286CD3AAAF}.Release|Any CPU.ActiveCfg = Release|Any CPU
		{4B62F79D-E83E-41F6-8A1A-AF286CD3AAAF}.Release|Any CPU.Build.0 = Release|Any CPU
		{9253B9DF-4692-405C-B5DA-DE82B046295E}.Debug|Any CPU.ActiveCfg = Debug|Any CPU
		{9253B9DF-4692-405C-B5DA-DE82B046295E}.Debug|Any CPU.Build.0 = Debug|Any CPU
		{9253B9DF-4692-405C-B5DA-DE82B046295E}.Release|Any CPU.ActiveCfg = Release|Any CPU
		{9253B9DF-4692-405C-B5DA-DE82B046295E}.Release|Any CPU.Build.0 = Release|Any CPU
	EndGlobalSection
	GlobalSection(SolutionProperties) = preSolution
		HideSolutionNode = FALSE
	EndGlobalSection
	GlobalSection(ExtensibilityGlobals) = postSolution
		SolutionGuid = {06F054B2-EF55-42A7-A8A6-F2005879E093}
	EndGlobalSection
EndGlobal
